
Microsoft Visual Studio Solution File, Format Version 12.00
# Visual Studio Version 16
VisualStudioVersion = 16.0.31105.61
MinimumVisualStudioVersion = 10.0.40219.1
Project("{FAE04EC0-301F-11D3-BF4B-00C04F79EFBC}") = "Lab13", "Lab13\Lab13.csproj", "{F4E8A23B-6BBC-499E-B012-698D647248FF}"
EndProject
Global
	GlobalSection(SolutionConfigurationPlatforms) = preSolution
		Debug|Any CPU = Debug|Any CPU
		Release|Any CPU = Release|Any CPU
	EndGlobalSection
	GlobalSection(ProjectConfigurationPlatforms) = postSolution
		{F4E8A23B-6BBC-499E-B012-698D647248FF}.Debug|Any CPU.ActiveCfg = Debug|Any CPU
		{F4E8A23B-6BBC-499E-B012-698D647248FF}.Debug|Any CPU.Build.0 = Debug|Any CPU
		{F4E8A23B-6BBC-499E-B012-698D647248FF}.Release|Any CPU.ActiveCfg = Release|Any CPU
		{F4E8A23B-6BBC-499E-B012-698D647248FF}.Release|Any CPU.Build.0 = Release|Any CPU
	EndGlobalSection
	GlobalSection(SolutionProperties) = preSolution
		HideSolutionNode = FALSE
	EndGlobalSection
	GlobalSection(ExtensibilityGlobals) = postSolution
		SolutionGuid = {3C3A5494-A4BD-4073-9D18-5B1D6B638460}
	EndGlobalSection
EndGlobal
